
Microsoft Visual Studio Solution File, Format Version 12.00
# Visual Studio Version 17
VisualStudioVersion = 17.2.32505.173
MinimumVisualStudioVersion = 10.0.40219.1
Project("{FAE04EC0-301F-11D3-BF4B-00C04F79EFBC}") = "Zadanie_1", "DKR_KPiYP_1\Zadanie_1.csproj", "{13D291EF-5682-4C3F-BA88-C3E9E57C70D5}"
EndProject
Project("{FAE04EC0-301F-11D3-BF4B-00C04F79EFBC}") = "Zadanie_3", "Zadanie_3\Zadanie_3.csproj", "{680880C0-EB9F-470B-B012-BBCF4C8BD7E0}"
EndProject
Global
	GlobalSection(SolutionConfigurationPlatforms) = preSolution
		Debug|Any CPU = Debug|Any CPU
		Release|Any CPU = Release|Any CPU
	EndGlobalSection
	GlobalSection(ProjectConfigurationPlatforms) = postSolution
		{13D291EF-5682-4C3F-BA88-C3E9E57C70D5}.Debug|Any CPU.ActiveCfg = Debug|Any CPU
		{13D291EF-5682-4C3F-BA88-C3E9E57C70D5}.Debug|Any CPU.Build.0 = Debug|Any CPU
		{13D291EF-5682-4C3F-BA88-C3E9E57C70D5}.Release|Any CPU.ActiveCfg = Release|Any CPU
		{13D291EF-5682-4C3F-BA88-C3E9E57C70D5}.Release|Any CPU.Build.0 = Release|Any CPU
		{680880C0-EB9F-470B-B012-BBCF4C8BD7E0}.Debug|Any CPU.ActiveCfg = Debug|Any CPU
		{680880C0-EB9F-470B-B012-BBCF4C8BD7E0}.Debug|Any CPU.Build.0 = Debug|Any CPU
		{680880C0-EB9F-470B-B012-BBCF4C8BD7E0}.Release|Any CPU.ActiveCfg = Release|Any CPU
		{680880C0-EB9F-470B-B012-BBCF4C8BD7E0}.Release|Any CPU.Build.0 = Release|Any CPU
	EndGlobalSection
	GlobalSection(SolutionProperties) = preSolution
		HideSolutionNode = FALSE
	EndGlobalSection
	GlobalSection(ExtensibilityGlobals) = postSolution
		SolutionGuid = {0FFF737C-B427-46CF-B4DB-878152E56046}
	EndGlobalSection
EndGlobal
